{
  "requires": true,
  "lockfileVersion": 1,
  "dependencies": {
    "cluster": {
      "version": "0.7.7",
      "resolved": "https://registry.npm.taobao.org/cluster/download/cluster-0.7.7.tgz",
      "dependencies": {
        "log": {
          "version": "https://registry.npm.taobao.org/log/download/log-6.0.0.tgz",
          "bundled": true
        },
        "mkdirp": {
          "version": "https://registry.npm.taobao.org/mkdirp/download/mkdirp-1.0.4.tgz?cache=0&sync_timestamp=1587535418745&other_urls=https%3A%2F%2Fregistry.npm.taobao.org%2Fmkdirp%2Fdownload%2Fmkdirp-1.0.4.tgz",
          "bundled": true
        }
      }
    },
    "koa": {
      "version": "2.13.0",
      "resolved": "https://registry.npm.taobao.org/koa/download/koa-2.13.0.tgz?cache=0&sync_timestamp=1592754966586&other_urls=https%3A%2F%2Fregistry.npm.taobao.org%2Fkoa%2Fdownload%2Fkoa-2.13.0.tgz",
      "dependencies": {
        "accepts": {
          "version": "https://registry.npm.taobao.org/accepts/download/accepts-1.3.7.tgz",
          "dependencies": {
            "mime-types": {
              "version": "https://registry.npm.taobao.org/mime-types/download/mime-types-2.1.27.tgz?cache=0&sync_timestamp=1587700357177&other_urls=https%3A%2F%2Fregistry.npm.taobao.org%2Fmime-types%2Fdownload%2Fmime-types-2.1.27.tgz"
            },
            "negotiator": {
              "version": "https://registry.npm.taobao.org/negotiator/download/negotiator-0.6.2.tgz"
            }
          }
        },
        "cache-content-type": {
          "version": "https://registry.npm.taobao.org/cache-content-type/download/cache-content-type-1.0.1.tgz",
          "dependencies": {
            "mime-types": {
              "version": "https://registry.npm.taobao.org/mime-types/download/mime-types-2.1.27.tgz?cache=0&sync_timestamp=1587700357177&other_urls=https%3A%2F%2Fregistry.npm.taobao.org%2Fmime-types%2Fdownload%2Fmime-types-2.1.27.tgz",
              "dependencies": {
                "mime-db": {
                  "version": "https://registry.npm.taobao.org/mime-db/download/mime-db-1.44.0.tgz?cache=0&sync_timestamp=1600831145015&other_urls=https%3A%2F%2Fregistry.npm.taobao.org%2Fmime-db%2Fdownload%2Fmime-db-1.44.0.tgz"
                }
              }
            },
            "ylru": {
              "version": "https://registry.npm.taobao.org/ylru/download/ylru-1.2.1.tgz"
            }
          }
        },
        "content-disposition": {
          "version": "https://registry.npm.taobao.org/content-disposition/download/content-disposition-0.5.3.tgz?cache=0&other_urls=https%3A%2F%2Fregistry.npm.taobao.org%2Fcontent-disposition%2Fdownload%2Fcontent-disposition-0.5.3.tgz"
        },
        "content-type": {
          "version": "https://registry.npm.taobao.org/content-type/download/content-type-1.0.4.tgz"
        },
        "cookies": {
          "version": "https://registry.npm.taobao.org/cookies/download/cookies-0.8.0.tgz"
        },
        "debug": {
          "version": "https://registry.npm.taobao.org/debug/download/debug-3.1.0.tgz?cache=0&sync_timestamp=1600502824188&other_urls=https%3A%2F%2Fregistry.npm.taobao.org%2Fdebug%2Fdownload%2Fdebug-3.1.0.tgz"
        },
        "delegates": {
          "version": "https://registry.npm.taobao.org/delegates/download/delegates-1.0.0.tgz"
        },
        "depd": {
          "version": "https://registry.npm.taobao.org/depd/download/depd-1.1.2.tgz"
        },
        "destroy": {
          "version": "https://registry.npm.taobao.org/destroy/download/destroy-1.0.4.tgz"
        },
        "encodeurl": {
          "version": "https://registry.npm.taobao.org/encodeurl/download/encodeurl-1.0.2.tgz"
        },
        "escape-html": {
          "version": "https://registry.npm.taobao.org/escape-html/download/escape-html-1.0.3.tgz"
        },
        "fresh": {
          "version": "https://registry.npm.taobao.org/fresh/download/fresh-0.5.2.tgz"
        },
        "http-assert": {
          "version": "https://registry.npm.taobao.org/http-assert/download/http-assert-1.4.1.tgz"
        },
        "http-errors": {
          "version": "https://registry.npm.taobao.org/http-errors/download/http-errors-1.8.0.tgz?cache=0&sync_timestamp=1593407647372&other_urls=https%3A%2F%2Fregistry.npm.taobao.org%2Fhttp-errors%2Fdownload%2Fhttp-errors-1.8.0.tgz"
        },
        "is-generator-function": {
          "version": "https://registry.npm.taobao.org/is-generator-function/download/is-generator-function-1.0.7.tgz"
        },
        "koa-compose": {
          "version": "https://registry.npm.taobao.org/koa-compose/download/koa-compose-4.1.0.tgz"
        },
        "koa-convert": {
          "version": "https://registry.npm.taobao.org/koa-convert/download/koa-convert-1.2.0.tgz"
        },
        "on-finished": {
          "version": "https://registry.npm.taobao.org/on-finished/download/on-finished-2.3.0.tgz"
        },
        "only": {
          "version": "https://registry.npm.taobao.org/only/download/only-0.0.2.tgz"
        },
        "parseurl": {
          "version": "https://registry.npm.taobao.org/parseurl/download/parseurl-1.3.3.tgz"
        },
        "statuses": {
          "version": "https://registry.npm.taobao.org/statuses/download/statuses-1.5.0.tgz?cache=0&sync_timestamp=1587328859420&other_urls=https%3A%2F%2Fregistry.npm.taobao.org%2Fstatuses%2Fdownload%2Fstatuses-1.5.0.tgz"
        },
        "type-is": {
          "version": "https://registry.npm.taobao.org/type-is/download/type-is-1.6.18.tgz"
        },
        "vary": {
          "version": "https://registry.npm.taobao.org/vary/download/vary-1.1.2.tgz"
        }
      }
    },
    "mongoose": {
      "version": "5.10.7",
      "resolved": "https://registry.npm.taobao.org/mongoose/download/mongoose-5.10.7.tgz",
      "dependencies": {
        "bson": {
          "version": "https://registry.npm.taobao.org/bson/download/bson-1.1.5.tgz",
          "bundled": true
        },
        "kareem": {
          "version": "https://registry.npm.taobao.org/kareem/download/kareem-2.3.1.tgz",
          "bundled": true
        },
        "mongodb": {
          "version": "https://registry.npm.taobao.org/mongodb/download/mongodb-3.6.2.tgz",
          "bundled": true
        },
        "mongoose-legacy-pluralize": {
          "version": "https://registry.npm.taobao.org/mongoose-legacy-pluralize/download/mongoose-legacy-pluralize-1.0.2.tgz",
          "bundled": true
        },
        "mpath": {
          "version": "https://registry.npm.taobao.org/mpath/download/mpath-0.7.0.tgz",
          "bundled": true
        },
        "mquery": {
          "version": "https://registry.npm.taobao.org/mquery/download/mquery-3.2.2.tgz",
          "bundled": true
        },
        "ms": {
          "version": "https://registry.npm.taobao.org/ms/download/ms-2.1.2.tgz?cache=0&other_urls=https%3A%2F%2Fregistry.npm.taobao.org%2Fms%2Fdownload%2Fms-2.1.2.tgz",
          "bundled": true
        },
        "regexp-clone": {
          "version": "https://registry.npm.taobao.org/regexp-clone/download/regexp-clone-1.0.0.tgz",
          "bundled": true
        },
        "safe-buffer": {
          "version": "https://registry.npm.taobao.org/safe-buffer/download/safe-buffer-5.2.1.tgz",
          "bundled": true
        },
        "sift": {
          "version": "https://registry.npm.taobao.org/sift/download/sift-7.0.1.tgz?cache=0&sync_timestamp=1600785401844&other_urls=https%3A%2F%2Fregistry.npm.taobao.org%2Fsift%2Fdownload%2Fsift-7.0.1.tgz",
          "bundled": true
        },
        "sliced": {
          "version": "https://registry.npm.taobao.org/sliced/download/sliced-1.0.1.tgz",
          "bundled": true
        }
      }
    },
    "os": {
      "version": "0.1.1",
      "resolved": "https://registry.npm.taobao.org/os/download/os-0.1.1.tgz",
      "integrity": "sha1-IIhF6J4ZOtTZcUdLk5R3NqVtE/M=",
      "dev": true
    },
    "superagent": {
      "version": "6.1.0",
      "resolved": "https://registry.npm.taobao.org/superagent/download/superagent-6.1.0.tgz",
      "dependencies": {
        "component-emitter": {
          "version": "https://registry.npm.taobao.org/component-emitter/download/component-emitter-1.3.0.tgz"
        },
        "cookiejar": {
          "version": "https://registry.npm.taobao.org/cookiejar/download/cookiejar-2.1.2.tgz"
        },
        "debug": {
          "version": "https://registry.npm.taobao.org/debug/download/debug-4.2.0.tgz?cache=0&sync_timestamp=1600502824188&other_urls=https%3A%2F%2Fregistry.npm.taobao.org%2Fdebug%2Fdownload%2Fdebug-4.2.0.tgz"
        },
        "fast-safe-stringify": {
          "version": "https://registry.npm.taobao.org/fast-safe-stringify/download/fast-safe-stringify-2.0.7.tgz"
        },
        "form-data": {
          "version": "https://registry.npm.taobao.org/form-data/download/form-data-3.0.0.tgz?cache=0&sync_timestamp=1573027118125&other_urls=https%3A%2F%2Fregistry.npm.taobao.org%2Fform-data%2Fdownload%2Fform-data-3.0.0.tgz",
          "dependencies": {
            "asynckit": {
              "version": "https://registry.npm.taobao.org/asynckit/download/asynckit-0.4.0.tgz"
            },
            "combined-stream": {
              "version": "https://registry.npm.taobao.org/combined-stream/download/combined-stream-1.0.8.tgz"
            },
            "mime-types": {
              "version": "https://registry.npm.taobao.org/mime-types/download/mime-types-2.1.27.tgz?cache=0&sync_timestamp=1587700357177&other_urls=https%3A%2F%2Fregistry.npm.taobao.org%2Fmime-types%2Fdownload%2Fmime-types-2.1.27.tgz",
              "dependencies": {
                "mime-db": {
                  "version": "https://registry.npm.taobao.org/mime-db/download/mime-db-1.44.0.tgz?cache=0&sync_timestamp=1600831145015&other_urls=https%3A%2F%2Fregistry.npm.taobao.org%2Fmime-db%2Fdownload%2Fmime-db-1.44.0.tgz"
                }
              }
            }
          }
        },
        "formidable": {
          "version": "https://registry.npm.taobao.org/formidable/download/formidable-1.2.2.tgz"
        },
        "methods": {
          "version": "https://registry.npm.taobao.org/methods/download/methods-1.1.2.tgz"
        },
        "mime": {
          "version": "https://registry.npm.taobao.org/mime/download/mime-2.4.6.tgz?cache=0&sync_timestamp=1590596706367&other_urls=https%3A%2F%2Fregistry.npm.taobao.org%2Fmime%2Fdownload%2Fmime-2.4.6.tgz"
        },
        "qs": {
          "version": "https://registry.npm.taobao.org/qs/download/qs-6.9.4.tgz"
        },
        "readable-stream": {
          "version": "https://registry.npm.taobao.org/readable-stream/download/readable-stream-3.6.0.tgz"
        },
        "semver": {
          "version": "https://registry.npm.taobao.org/semver/download/semver-7.3.2.tgz"
        }
      }
    }
  }
}
